
Microsoft Visual Studio Solution File, Format Version 12.00
# Visual Studio Version 17
VisualStudioVersion = 17.0.31903.59
MinimumVisualStudioVersion = 10.0.40219.1
Project("{2150E333-8FDC-42A3-9474-1A3956D46DE8}") = "services", "services", "{5854FF58-B8C5-05C6-5BF2-ACE42193F22B}"
EndProject
Project("{2150E333-8FDC-42A3-9474-1A3956D46DE8}") = "auth", "auth", "{FE3FB199-55FF-42D1-1FD0-08473B5A7350}"
EndProject
Project("{2150E333-8FDC-42A3-9474-1A3956D46DE8}") = "Auth.Api", "Auth.Api", "{3696C13E-8648-5F12-7A28-DB474D8A96CA}"
EndProject
Project("{2150E333-8FDC-42A3-9474-1A3956D46DE8}") = "licensing", "licensing", "{661E1371-503E-315E-7FBD-8A5353B4F079}"
EndProject
Project("{2150E333-8FDC-42A3-9474-1A3956D46DE8}") = "Licensing.Api", "Licensing.Api", "{FFBAF5DE-4875-B363-3C14-DA1E2E6C0673}"
EndProject
Project("{FAE04EC0-301F-11D3-BF4B-00C04F79EFBC}") = "Saint.Licensing.Api", "services\licensing\Licensing.Api\Saint.Licensing.Api.csproj", "{5D34F4A5-A6DC-4A99-9119-04296DF79AE5}"
EndProject
Project("{2150E333-8FDC-42A3-9474-1A3956D46DE8}") = "catalog", "catalog", "{944ACC7E-4FFC-A2A2-09E1-98A62C66F8DB}"
EndProject
Project("{2150E333-8FDC-42A3-9474-1A3956D46DE8}") = "Catalog.Api", "Catalog.Api", "{91561CD3-65D0-E545-B8A4-1D6DEC190BA7}"
EndProject
Project("{FAE04EC0-301F-11D3-BF4B-00C04F79EFBC}") = "Saint.Catalog.Api", "services\catalog\Catalog.Api\Saint.Catalog.Api.csproj", "{1AD76E4D-C227-4E14-A27C-EABCF90E2589}"
EndProject
Project("{2150E333-8FDC-42A3-9474-1A3956D46DE8}") = "transactions", "transactions", "{5FA4CE26-09C9-98FC-7F09-F87F485103B9}"
EndProject
Project("{2150E333-8FDC-42A3-9474-1A3956D46DE8}") = "Transactions.Api", "Transactions.Api", "{F3AC92A9-E76E-89E4-BEA0-6C506029DFE7}"
EndProject
Project("{FAE04EC0-301F-11D3-BF4B-00C04F79EFBC}") = "Saint.Transactions.Api", "services\transactions\Transactions.Api\Saint.Transactions.Api.csproj", "{3F6A9645-9174-4BFB-BAA0-09D53EDFDEF2}"
EndProject
Project("{2150E333-8FDC-42A3-9474-1A3956D46DE8}") = "reporting", "reporting", "{694370DE-EFDF-417D-2C0B-565E7EEF2A7A}"
EndProject
Project("{2150E333-8FDC-42A3-9474-1A3956D46DE8}") = "Reporting.Api", "Reporting.Api", "{D3E74393-5750-14D1-7A5B-8B4EAB2D35F7}"
EndProject
Project("{FAE04EC0-301F-11D3-BF4B-00C04F79EFBC}") = "Saint.Reporting.Api", "services\reporting\Reporting.Api\Saint.Reporting.Api.csproj", "{81F13651-4B78-4CBD-8D85-66109D01E171}"
EndProject
Project("{2150E333-8FDC-42A3-9474-1A3956D46DE8}") = "sync", "sync", "{5FB4C923-E54F-139B-82F6-4296D1788D1C}"
EndProject
Project("{2150E333-8FDC-42A3-9474-1A3956D46DE8}") = "Sync.Api", "Sync.Api", "{BEFABE68-BBDB-4924-89E3-E75B13C3F678}"
EndProject
Project("{FAE04EC0-301F-11D3-BF4B-00C04F79EFBC}") = "Saint.Sync.Api", "services\sync\Sync.Api\Saint.Sync.Api.csproj", "{F2B217D0-F685-49DA-9D62-9D75D4280AAC}"
EndProject
Project("{2150E333-8FDC-42A3-9474-1A3956D46DE8}") = "shared", "shared", "{4F52FD11-658E-A102-6CD3-7D7C16FFA15B}"
EndProject
Project("{2150E333-8FDC-42A3-9474-1A3956D46DE8}") = "SharedKernel", "SharedKernel", "{19AE9E85-1C68-4758-AF24-628ACE39F8F3}"
EndProject
Project("{FAE04EC0-301F-11D3-BF4B-00C04F79EFBC}") = "Saint.SharedKernel", "shared\SharedKernel\Saint.SharedKernel.csproj", "{94F209D3-7A07-4000-BA6A-36D33A4EFE6C}"
EndProject
Project("{2150E333-8FDC-42A3-9474-1A3956D46DE8}") = "SharedContracts", "SharedContracts", "{EABA964B-DA8E-37CC-2CB9-915CD8BC2162}"
EndProject
Project("{FAE04EC0-301F-11D3-BF4B-00C04F79EFBC}") = "Saint.SharedContracts", "shared\SharedContracts\Saint.SharedContracts.csproj", "{7DE620CF-7140-4BF5-AEE6-CD0166CF14D2}"
EndProject
Project("{FAE04EC0-301F-11D3-BF4B-00C04F79EFBC}") = "Saint.Auth.Api", "services\auth\Auth.Api\Saint.Auth.Api.csproj", "{E0538FBF-9CA6-414A-BF5F-9FC52FAEAEAE}"
EndProject
Global
	GlobalSection(SolutionConfigurationPlatforms) = preSolution
		Debug|Any CPU = Debug|Any CPU
		Debug|x64 = Debug|x64
		Debug|x86 = Debug|x86
		Release|Any CPU = Release|Any CPU
		Release|x64 = Release|x64
		Release|x86 = Release|x86
	EndGlobalSection
	GlobalSection(ProjectConfigurationPlatforms) = postSolution
		{5D34F4A5-A6DC-4A99-9119-04296DF79AE5}.Debug|Any CPU.ActiveCfg = Debug|Any CPU
		{5D34F4A5-A6DC-4A99-9119-04296DF79AE5}.Debug|Any CPU.Build.0 = Debug|Any CPU
		{5D34F4A5-A6DC-4A99-9119-04296DF79AE5}.Debug|x64.ActiveCfg = Debug|Any CPU
		{5D34F4A5-A6DC-4A99-9119-04296DF79AE5}.Debug|x64.Build.0 = Debug|Any CPU
		{5D34F4A5-A6DC-4A99-9119-04296DF79AE5}.Debug|x86.ActiveCfg = Debug|Any CPU
		{5D34F4A5-A6DC-4A99-9119-04296DF79AE5}.Debug|x86.Build.0 = Debug|Any CPU
		{5D34F4A5-A6DC-4A99-9119-04296DF79AE5}.Release|Any CPU.ActiveCfg = Release|Any CPU
		{5D34F4A5-A6DC-4A99-9119-04296DF79AE5}.Release|Any CPU.Build.0 = Release|Any CPU
		{5D34F4A5-A6DC-4A99-9119-04296DF79AE5}.Release|x64.ActiveCfg = Release|Any CPU
		{5D34F4A5-A6DC-4A99-9119-04296DF79AE5}.Release|x64.Build.0 = Release|Any CPU
		{5D34F4A5-A6DC-4A99-9119-04296DF79AE5}.Release|x86.ActiveCfg = Release|Any CPU
		{5D34F4A5-A6DC-4A99-9119-04296DF79AE5}.Release|x86.Build.0 = Release|Any CPU
		{1AD76E4D-C227-4E14-A27C-EABCF90E2589}.Debug|Any CPU.ActiveCfg = Debug|Any CPU
		{1AD76E4D-C227-4E14-A27C-EABCF90E2589}.Debug|Any CPU.Build.0 = Debug|Any CPU
		{1AD76E4D-C227-4E14-A27C-EABCF90E2589}.Debug|x64.ActiveCfg = Debug|Any CPU
		{1AD76E4D-C227-4E14-A27C-EABCF90E2589}.Debug|x64.Build.0 = Debug|Any CPU
		{1AD76E4D-C227-4E14-A27C-EABCF90E2589}.Debug|x86.ActiveCfg = Debug|Any CPU
		{1AD76E4D-C227-4E14-A27C-EABCF90E2589}.Debug|x86.Build.0 = Debug|Any CPU
		{1AD76E4D-C227-4E14-A27C-EABCF90E2589}.Release|Any CPU.ActiveCfg = Release|Any CPU
		{1AD76E4D-C227-4E14-A27C-EABCF90E2589}.Release|Any CPU.Build.0 = Release|Any CPU
		{1AD76E4D-C227-4E14-A27C-EABCF90E2589}.Release|x64.ActiveCfg = Release|Any CPU
		{1AD76E4D-C227-4E14-A27C-EABCF90E2589}.Release|x64.Build.0 = Release|Any CPU
		{1AD76E4D-C227-4E14-A27C-EABCF90E2589}.Release|x86.ActiveCfg = Release|Any CPU
		{1AD76E4D-C227-4E14-A27C-EABCF90E2589}.Release|x86.Build.0 = Release|Any CPU
		{3F6A9645-9174-4BFB-BAA0-09D53EDFDEF2}.Debug|Any CPU.ActiveCfg = Debug|Any CPU
		{3F6A9645-9174-4BFB-BAA0-09D53EDFDEF2}.Debug|Any CPU.Build.0 = Debug|Any CPU
		{3F6A9645-9174-4BFB-BAA0-09D53EDFDEF2}.Debug|x64.ActiveCfg = Debug|Any CPU
		{3F6A9645-9174-4BFB-BAA0-09D53EDFDEF2}.Debug|x64.Build.0 = Debug|Any CPU
		{3F6A9645-9174-4BFB-BAA0-09D53EDFDEF2}.Debug|x86.ActiveCfg = Debug|Any CPU
		{3F6A9645-9174-4BFB-BAA0-09D53EDFDEF2}.Debug|x86.Build.0 = Debug|Any CPU
		{3F6A9645-9174-4BFB-BAA0-09D53EDFDEF2}.Release|Any CPU.ActiveCfg = Release|Any CPU
		{3F6A9645-9174-4BFB-BAA0-09D53EDFDEF2}.Release|Any CPU.Build.0 = Release|Any CPU
		{3F6A9645-9174-4BFB-BAA0-09D53EDFDEF2}.Release|x64.ActiveCfg = Release|Any CPU
		{3F6A9645-9174-4BFB-BAA0-09D53EDFDEF2}.Release|x64.Build.0 = Release|Any CPU
		{3F6A9645-9174-4BFB-BAA0-09D53EDFDEF2}.Release|x86.ActiveCfg = Release|Any CPU
		{3F6A9645-9174-4BFB-BAA0-09D53EDFDEF2}.Release|x86.Build.0 = Release|Any CPU
		{81F13651-4B78-4CBD-8D85-66109D01E171}.Debug|Any CPU.ActiveCfg = Debug|Any CPU
		{81F13651-4B78-4CBD-8D85-66109D01E171}.Debug|Any CPU.Build.0 = Debug|Any CPU
		{81F13651-4B78-4CBD-8D85-66109D01E171}.Debug|x64.ActiveCfg = Debug|Any CPU
		{81F13651-4B78-4CBD-8D85-66109D01E171}.Debug|x64.Build.0 = Debug|Any CPU
		{81F13651-4B78-4CBD-8D85-66109D01E171}.Debug|x86.ActiveCfg = Debug|Any CPU
		{81F13651-4B78-4CBD-8D85-66109D01E171}.Debug|x86.Build.0 = Debug|Any CPU
		{81F13651-4B78-4CBD-8D85-66109D01E171}.Release|Any CPU.ActiveCfg = Release|Any CPU
		{81F13651-4B78-4CBD-8D85-66109D01E171}.Release|Any CPU.Build.0 = Release|Any CPU
		{81F13651-4B78-4CBD-8D85-66109D01E171}.Release|x64.ActiveCfg = Release|Any CPU
		{81F13651-4B78-4CBD-8D85-66109D01E171}.Release|x64.Build.0 = Release|Any CPU
		{81F13651-4B78-4CBD-8D85-66109D01E171}.Release|x86.ActiveCfg = Release|Any CPU
		{81F13651-4B78-4CBD-8D85-66109D01E171}.Release|x86.Build.0 = Release|Any CPU
		{F2B217D0-F685-49DA-9D62-9D75D4280AAC}.Debug|Any CPU.ActiveCfg = Debug|Any CPU
		{F2B217D0-F685-49DA-9D62-9D75D4280AAC}.Debug|Any CPU.Build.0 = Debug|Any CPU
		{F2B217D0-F685-49DA-9D62-9D75D4280AAC}.Debug|x64.ActiveCfg = Debug|Any CPU
		{F2B217D0-F685-49DA-9D62-9D75D4280AAC}.Debug|x64.Build.0 = Debug|Any CPU
		{F2B217D0-F685-49DA-9D62-9D75D4280AAC}.Debug|x86.ActiveCfg = Debug|Any CPU
		{F2B217D0-F685-49DA-9D62-9D75D4280AAC}.Debug|x86.Build.0 = Debug|Any CPU
		{F2B217D0-F685-49DA-9D62-9D75D4280AAC}.Release|Any CPU.ActiveCfg = Release|Any CPU
		{F2B217D0-F685-49DA-9D62-9D75D4280AAC}.Release|Any CPU.Build.0 = Release|Any CPU
		{F2B217D0-F685-49DA-9D62-9D75D4280AAC}.Release|x64.ActiveCfg = Release|Any CPU
		{F2B217D0-F685-49DA-9D62-9D75D4280AAC}.Release|x64.Build.0 = Release|Any CPU
		{F2B217D0-F685-49DA-9D62-9D75D4280AAC}.Release|x86.ActiveCfg = Release|Any CPU
		{F2B217D0-F685-49DA-9D62-9D75D4280AAC}.Release|x86.Build.0 = Release|Any CPU
		{94F209D3-7A07-4000-BA6A-36D33A4EFE6C}.Debug|Any CPU.ActiveCfg = Debug|Any CPU
		{94F209D3-7A07-4000-BA6A-36D33A4EFE6C}.Debug|Any CPU.Build.0 = Debug|Any CPU
		{94F209D3-7A07-4000-BA6A-36D33A4EFE6C}.Debug|x64.ActiveCfg = Debug|Any CPU
		{94F209D3-7A07-4000-BA6A-36D33A4EFE6C}.Debug|x64.Build.0 = Debug|Any CPU
		{94F209D3-7A07-4000-BA6A-36D33A4EFE6C}.Debug|x86.ActiveCfg = Debug|Any CPU
		{94F209D3-7A07-4000-BA6A-36D33A4EFE6C}.Debug|x86.Build.0 = Debug|Any CPU
		{94F209D3-7A07-4000-BA6A-36D33A4EFE6C}.Release|Any CPU.ActiveCfg = Release|Any CPU
		{94F209D3-7A07-4000-BA6A-36D33A4EFE6C}.Release|Any CPU.Build.0 = Release|Any CPU
		{94F209D3-7A07-4000-BA6A-36D33A4EFE6C}.Release|x64.ActiveCfg = Release|Any CPU
		{94F209D3-7A07-4000-BA6A-36D33A4EFE6C}.Release|x64.Build.0 = Release|Any CPU
		{94F209D3-7A07-4000-BA6A-36D33A4EFE6C}.Release|x86.ActiveCfg = Release|Any CPU
		{94F209D3-7A07-4000-BA6A-36D33A4EFE6C}.Release|x86.Build.0 = Release|Any CPU
		{7DE620CF-7140-4BF5-AEE6-CD0166CF14D2}.Debug|Any CPU.ActiveCfg = Debug|Any CPU
		{7DE620CF-7140-4BF5-AEE6-CD0166CF14D2}.Debug|Any CPU.Build.0 = Debug|Any CPU
		{7DE620CF-7140-4BF5-AEE6-CD0166CF14D2}.Debug|x64.ActiveCfg = Debug|Any CPU
		{7DE620CF-7140-4BF5-AEE6-CD0166CF14D2}.Debug|x64.Build.0 = Debug|Any CPU
		{7DE620CF-7140-4BF5-AEE6-CD0166CF14D2}.Debug|x86.ActiveCfg = Debug|Any CPU
		{7DE620CF-7140-4BF5-AEE6-CD0166CF14D2}.Debug|x86.Build.0 = Debug|Any CPU
		{7DE620CF-7140-4BF5-AEE6-CD0166CF14D2}.Release|Any CPU.ActiveCfg = Release|Any CPU
		{7DE620CF-7140-4BF5-AEE6-CD0166CF14D2}.Release|Any CPU.Build.0 = Release|Any CPU
		{7DE620CF-7140-4BF5-AEE6-CD0166CF14D2}.Release|x64.ActiveCfg = Release|Any CPU
		{7DE620CF-7140-4BF5-AEE6-CD0166CF14D2}.Release|x64.Build.0 = Release|Any CPU
		{7DE620CF-7140-4BF5-AEE6-CD0166CF14D2}.Release|x86.ActiveCfg = Release|Any CPU
		{7DE620CF-7140-4BF5-AEE6-CD0166CF14D2}.Release|x86.Build.0 = Release|Any CPU
		{E0538FBF-9CA6-414A-BF5F-9FC52FAEAEAE}.Debug|Any CPU.ActiveCfg = Debug|Any CPU
		{E0538FBF-9CA6-414A-BF5F-9FC52FAEAEAE}.Debug|Any CPU.Build.0 = Debug|Any CPU
		{E0538FBF-9CA6-414A-BF5F-9FC52FAEAEAE}.Debug|x64.ActiveCfg = Debug|Any CPU
		{E0538FBF-9CA6-414A-BF5F-9FC52FAEAEAE}.Debug|x64.Build.0 = Debug|Any CPU
		{E0538FBF-9CA6-414A-BF5F-9FC52FAEAEAE}.Debug|x86.ActiveCfg = Debug|Any CPU
		{E0538FBF-9CA6-414A-BF5F-9FC52FAEAEAE}.Debug|x86.Build.0 = Debug|Any CPU
		{E0538FBF-9CA6-414A-BF5F-9FC52FAEAEAE}.Release|Any CPU.ActiveCfg = Release|Any CPU
		{E0538FBF-9CA6-414A-BF5F-9FC52FAEAEAE}.Release|Any CPU.Build.0 = Release|Any CPU
		{E0538FBF-9CA6-414A-BF5F-9FC52FAEAEAE}.Release|x64.ActiveCfg = Release|Any CPU
		{E0538FBF-9CA6-414A-BF5F-9FC52FAEAEAE}.Release|x64.Build.0 = Release|Any CPU
		{E0538FBF-9CA6-414A-BF5F-9FC52FAEAEAE}.Release|x86.ActiveCfg = Release|Any CPU
		{E0538FBF-9CA6-414A-BF5F-9FC52FAEAEAE}.Release|x86.Build.0 = Release|Any CPU
	EndGlobalSection
	GlobalSection(SolutionProperties) = preSolution
		HideSolutionNode = FALSE
	EndGlobalSection
	GlobalSection(NestedProjects) = preSolution
		{FE3FB199-55FF-42D1-1FD0-08473B5A7350} = {5854FF58-B8C5-05C6-5BF2-ACE42193F22B}
		{3696C13E-8648-5F12-7A28-DB474D8A96CA} = {FE3FB199-55FF-42D1-1FD0-08473B5A7350}
		{661E1371-503E-315E-7FBD-8A5353B4F079} = {5854FF58-B8C5-05C6-5BF2-ACE42193F22B}
		{FFBAF5DE-4875-B363-3C14-DA1E2E6C0673} = {661E1371-503E-315E-7FBD-8A5353B4F079}
		{5D34F4A5-A6DC-4A99-9119-04296DF79AE5} = {FFBAF5DE-4875-B363-3C14-DA1E2E6C0673}
		{944ACC7E-4FFC-A2A2-09E1-98A62C66F8DB} = {5854FF58-B8C5-05C6-5BF2-ACE42193F22B}
		{91561CD3-65D0-E545-B8A4-1D6DEC190BA7} = {944ACC7E-4FFC-A2A2-09E1-98A62C66F8DB}
		{1AD76E4D-C227-4E14-A27C-EABCF90E2589} = {91561CD3-65D0-E545-B8A4-1D6DEC190BA7}
		{5FA4CE26-09C9-98FC-7F09-F87F485103B9} = {5854FF58-B8C5-05C6-5BF2-ACE42193F22B}
		{F3AC92A9-E76E-89E4-BEA0-6C506029DFE7} = {5FA4CE26-09C9-98FC-7F09-F87F485103B9}
		{3F6A9645-9174-4BFB-BAA0-09D53EDFDEF2} = {F3AC92A9-E76E-89E4-BEA0-6C506029DFE7}
		{694370DE-EFDF-417D-2C0B-565E7EEF2A7A} = {5854FF58-B8C5-05C6-5BF2-ACE42193F22B}
		{D3E74393-5750-14D1-7A5B-8B4EAB2D35F7} = {694370DE-EFDF-417D-2C0B-565E7EEF2A7A}
		{81F13651-4B78-4CBD-8D85-66109D01E171} = {D3E74393-5750-14D1-7A5B-8B4EAB2D35F7}
		{5FB4C923-E54F-139B-82F6-4296D1788D1C} = {5854FF58-B8C5-05C6-5BF2-ACE42193F22B}
		{BEFABE68-BBDB-4924-89E3-E75B13C3F678} = {5FB4C923-E54F-139B-82F6-4296D1788D1C}
		{F2B217D0-F685-49DA-9D62-9D75D4280AAC} = {BEFABE68-BBDB-4924-89E3-E75B13C3F678}
		{19AE9E85-1C68-4758-AF24-628ACE39F8F3} = {4F52FD11-658E-A102-6CD3-7D7C16FFA15B}
		{94F209D3-7A07-4000-BA6A-36D33A4EFE6C} = {19AE9E85-1C68-4758-AF24-628ACE39F8F3}
		{EABA964B-DA8E-37CC-2CB9-915CD8BC2162} = {4F52FD11-658E-A102-6CD3-7D7C16FFA15B}
		{7DE620CF-7140-4BF5-AEE6-CD0166CF14D2} = {EABA964B-DA8E-37CC-2CB9-915CD8BC2162}
		{E0538FBF-9CA6-414A-BF5F-9FC52FAEAEAE} = {3696C13E-8648-5F12-7A28-DB474D8A96CA}
	EndGlobalSection
EndGlobal
